
Microsoft Visual Studio Solution File, Format Version 12.00
# Visual Studio 15
VisualStudioVersion = 15.0.28307.421
MinimumVisualStudioVersion = 10.0.40219.1
Project("{FAE04EC0-301F-11D3-BF4B-00C04F79EFBC}") = "DemonFox.Tails.AirGo", "DemonFox.Tails.AirGo\DemonFox.Tails.AirGo.csproj", "{4308A920-78AD-4DD2-9C72-AB6AF42BFFD4}"
EndProject
Project("{FAE04EC0-301F-11D3-BF4B-00C04F79EFBC}") = "DemonFox.Tails.Database", "DemonFox.Tails.Database\DemonFox.Tails.Database.csproj", "{08B6AADE-8A2C-45B0-8C29-BBF792A565CD}"
EndProject
Global
	GlobalSection(SolutionConfigurationPlatforms) = preSolution
		Debug|Any CPU = Debug|Any CPU
		Release|Any CPU = Release|Any CPU
	EndGlobalSection
	GlobalSection(ProjectConfigurationPlatforms) = postSolution
		{4308A920-78AD-4DD2-9C72-AB6AF42BFFD4}.Debug|Any CPU.ActiveCfg = Debug|Any CPU
		{4308A920-78AD-4DD2-9C72-AB6AF42BFFD4}.Debug|Any CPU.Build.0 = Debug|Any CPU
		{4308A920-78AD-4DD2-9C72-AB6AF42BFFD4}.Release|Any CPU.ActiveCfg = Release|Any CPU
		{4308A920-78AD-4DD2-9C72-AB6AF42BFFD4}.Release|Any CPU.Build.0 = Release|Any CPU
		{08B6AADE-8A2C-45B0-8C29-BBF792A565CD}.Debug|Any CPU.ActiveCfg = Debug|Any CPU
		{08B6AADE-8A2C-45B0-8C29-BBF792A565CD}.Debug|Any CPU.Build.0 = Debug|Any CPU
		{08B6AADE-8A2C-45B0-8C29-BBF792A565CD}.Release|Any CPU.ActiveCfg = Release|Any CPU
		{08B6AADE-8A2C-45B0-8C29-BBF792A565CD}.Release|Any CPU.Build.0 = Release|Any CPU
	EndGlobalSection
	GlobalSection(SolutionProperties) = preSolution
		HideSolutionNode = FALSE
	EndGlobalSection
	GlobalSection(ExtensibilityGlobals) = postSolution
		SolutionGuid = {69542931-29A1-4C42-9C09-8C65CEB66595}
	EndGlobalSection
EndGlobal
