
Microsoft Visual Studio Solution File, Format Version 12.00
# Visual Studio Version 16
VisualStudioVersion = 16.0.29123.88
MinimumVisualStudioVersion = 10.0.40219.1
Project("{9A19103F-16F7-4668-BE54-9A1E7A4F7556}") = "DemonFox.Tails.AirGo", "DemonFox.Tails.AirGo\DemonFox.Tails.AirGo.csproj", "{4308A920-78AD-4DD2-9C72-AB6AF42BFFD4}"
EndProject
Project("{9A19103F-16F7-4668-BE54-9A1E7A4F7556}") = "DemonFox.Tails.Database", "DemonFox.Tails.Database\DemonFox.Tails.Database.csproj", "{08B6AADE-8A2C-45B0-8C29-BBF792A565CD}"
EndProject
Project("{FAE04EC0-301F-11D3-BF4B-00C04F79EFBC}") = "DemonFox.Tails.Utils", "DemonFox.Tails.Utils\DemonFox.Tails.Utils.csproj", "{14672005-F1D2-4478-AD00-8FD7B47C6E73}"
EndProject
Global
	GlobalSection(SolutionConfigurationPlatforms) = preSolution
		Debug|Any CPU = Debug|Any CPU
		Release|Any CPU = Release|Any CPU
	EndGlobalSection
	GlobalSection(ProjectConfigurationPlatforms) = postSolution
		{4308A920-78AD-4DD2-9C72-AB6AF42BFFD4}.Debug|Any CPU.ActiveCfg = Debug|Any CPU
		{4308A920-78AD-4DD2-9C72-AB6AF42BFFD4}.Debug|Any CPU.Build.0 = Debug|Any CPU
		{4308A920-78AD-4DD2-9C72-AB6AF42BFFD4}.Release|Any CPU.ActiveCfg = Release|Any CPU
		{4308A920-78AD-4DD2-9C72-AB6AF42BFFD4}.Release|Any CPU.Build.0 = Release|Any CPU
		{08B6AADE-8A2C-45B0-8C29-BBF792A565CD}.Debug|Any CPU.ActiveCfg = Debug|Any CPU
		{08B6AADE-8A2C-45B0-8C29-BBF792A565CD}.Debug|Any CPU.Build.0 = Debug|Any CPU
		{08B6AADE-8A2C-45B0-8C29-BBF792A565CD}.Release|Any CPU.ActiveCfg = Release|Any CPU
		{08B6AADE-8A2C-45B0-8C29-BBF792A565CD}.Release|Any CPU.Build.0 = Release|Any CPU
		{14672005-F1D2-4478-AD00-8FD7B47C6E73}.Debug|Any CPU.ActiveCfg = Debug|Any CPU
		{14672005-F1D2-4478-AD00-8FD7B47C6E73}.Debug|Any CPU.Build.0 = Debug|Any CPU
		{14672005-F1D2-4478-AD00-8FD7B47C6E73}.Release|Any CPU.ActiveCfg = Release|Any CPU
		{14672005-F1D2-4478-AD00-8FD7B47C6E73}.Release|Any CPU.Build.0 = Release|Any CPU
	EndGlobalSection
	GlobalSection(SolutionProperties) = preSolution
		HideSolutionNode = FALSE
	EndGlobalSection
	GlobalSection(ExtensibilityGlobals) = postSolution
		SolutionGuid = {69542931-29A1-4C42-9C09-8C65CEB66595}
	EndGlobalSection
EndGlobal
